# THIS IS AN AUTOGENERATED FILE. DO NOT EDIT THIS FILE DIRECTLY.
# yarn lockfile v1


accept@2.x.x:
  version "2.1.3"
  resolved "https://registry.yarnpkg.com/accept/-/accept-2.1.3.tgz#ab0f5bda4c449bbe926aea607b3522562f5acf86"
  dependencies:
    boom "4.x.x"
    hoek "4.x.x"

align-text@^0.1.1, align-text@^0.1.3:
  version "0.1.4"
  resolved "https://registry.yarnpkg.com/align-text/-/align-text-0.1.4.tgz#0cd90a561093f35d0a99256c22b7069433fad117"
  dependencies:
    kind-of "^3.0.2"
    longest "^1.0.1"
    repeat-string "^1.5.2"

amdefine@>=0.0.4:
  version "1.0.1"
  resolved "https://registry.yarnpkg.com/amdefine/-/amdefine-1.0.1.tgz#4a5282ac164729e93619bcfd3ad151f817ce91f5"

ammo@2.x.x:
  version "2.0.3"
  resolved "https://registry.yarnpkg.com/ammo/-/ammo-2.0.3.tgz#914bbcf65b043ed0f58a8a9d0196e250ec51e6a7"
  dependencies:
    boom "4.x.x"
    hoek "4.x.x"

async@^1.4.0:
  version "1.5.2"
  resolved "https://registry.yarnpkg.com/async/-/async-1.5.2.tgz#ec6a61ae56480c0c3cb241c95618e20892f9672a"

async@~0.2.6:
  version "0.2.10"
  resolved "https://registry.yarnpkg.com/async/-/async-0.2.10.tgz#b6bbe0b0674b9d719708ca38de8c237cb526c3d1"

b64@3.x.x:
  version "3.0.2"
  resolved "https://registry.yarnpkg.com/b64/-/b64-3.0.2.tgz#7a9d60466adf7b8de114cbdf651a5fdfcc90894d"

boom@4.x.x:
  version "4.2.0"
  resolved "https://registry.yarnpkg.com/boom/-/boom-4.2.0.tgz#c1a74174b11fbba223f6162d4fd8851a1b82a536"
  dependencies:
    hoek "4.x.x"

buffer-shims@^1.0.0:
  version "1.0.0"
  resolved "https://registry.yarnpkg.com/buffer-shims/-/buffer-shims-1.0.0.tgz#9978ce317388c649ad8793028c3477ef044a8b51"

call@3.x.x:
  version "3.0.4"
  resolved "https://registry.yarnpkg.com/call/-/call-3.0.4.tgz#e380f2f2a491330aa79085355f8be080877d559e"
  dependencies:
    boom "4.x.x"
    hoek "4.x.x"

call@4.x.x:
  version "4.0.0"
  resolved "https://registry.yarnpkg.com/call/-/call-4.0.0.tgz#cd29381a98046a132db26e2628e70bd8321a1ddf"
  dependencies:
    boom "4.x.x"
    hoek "4.x.x"

camelcase@^1.0.2:
  version "1.2.1"
  resolved "https://registry.yarnpkg.com/camelcase/-/camelcase-1.2.1.tgz#9bb5304d2e0b56698b2c758b08a3eaa9daa58a39"

catbox-memory@2.x.x:
  version "2.0.4"
  resolved "https://registry.yarnpkg.com/catbox-memory/-/catbox-memory-2.0.4.tgz#433e255902caf54233d1286429c8f4df14e822d5"
  dependencies:
    hoek "4.x.x"

catbox@7.x.x:
  version "7.1.3"
  resolved "https://registry.yarnpkg.com/catbox/-/catbox-7.1.3.tgz#9817edec5a921743282addfc9c45ace52847eebb"
  dependencies:
    boom "4.x.x"
    hoek "4.x.x"
    joi "10.x.x"

center-align@^0.1.1:
  version "0.1.3"
  resolved "https://registry.yarnpkg.com/center-align/-/center-align-0.1.3.tgz#aa0d32629b6ee972200411cbd4461c907bc2b7ad"
  dependencies:
    align-text "^0.1.3"
    lazy-cache "^1.0.3"

cliui@^2.1.0:
  version "2.1.0"
  resolved "https://registry.yarnpkg.com/cliui/-/cliui-2.1.0.tgz#4b475760ff80264c762c3a1719032e91c7fea0d1"
  dependencies:
    center-align "^0.1.1"
    right-align "^0.1.1"
    wordwrap "0.0.2"

content@3.x.x:
  version "3.0.3"
  resolved "https://registry.yarnpkg.com/content/-/content-3.0.3.tgz#000f8a01371b95c66afe99be9390fa6cb91aa87a"
  dependencies:
    boom "4.x.x"

core-util-is@~1.0.0:
  version "1.0.2"
  resolved "https://registry.yarnpkg.com/core-util-is/-/core-util-is-1.0.2.tgz#b5fd54220aa2bc5ab57aab7140c940754503c1a7"

cryptiles@3.x.x:
  version "3.1.1"
  resolved "https://registry.yarnpkg.com/cryptiles/-/cryptiles-3.1.1.tgz#86a9203f7367a0e9324bc7555ff0fcf5f81979ee"
  dependencies:
    boom "4.x.x"

decamelize@^1.0.0:
  version "1.2.0"
  resolved "https://registry.yarnpkg.com/decamelize/-/decamelize-1.2.0.tgz#f6534d15148269b20352e7bee26f501f9a191290"

duplexify@^3.1.2:
  version "3.5.0"
  resolved "https://registry.yarnpkg.com/duplexify/-/duplexify-3.5.0.tgz#1aa773002e1578457e9d9d4a50b0ccaaebcbd604"
  dependencies:
    end-of-stream "1.0.0"
    inherits "^2.0.1"
    readable-stream "^2.0.0"
    stream-shift "^1.0.0"

end-of-stream@1.0.0:
  version "1.0.0"
  resolved "https://registry.yarnpkg.com/end-of-stream/-/end-of-stream-1.0.0.tgz#d4596e702734a93e40e9af864319eabd99ff2f0e"
  dependencies:
    once "~1.3.0"

end-of-stream@^1.1.0:
  version "1.1.0"
  resolved "https://registry.yarnpkg.com/end-of-stream/-/end-of-stream-1.1.0.tgz#e9353258baa9108965efc41cb0ef8ade2f3cfb07"
  dependencies:
    once "~1.3.0"

getconfig@^3.0.0:
  version "3.0.0"
  resolved "https://registry.yarnpkg.com/getconfig/-/getconfig-3.0.0.tgz#e74ca2581d5ec805f8778e1236569453a0f0ae1d"

good-console@^6.4.0:
  version "6.4.0"
  resolved "https://registry.yarnpkg.com/good-console/-/good-console-6.4.0.tgz#7294c9d90c4c9f059a082e180625495966d2ba59"
  dependencies:
    hoek "4.x.x"
    joi "8.1.x"
    json-stringify-safe "5.0.x"
    moment "2.15.x"

good@^7.1.0:
  version "7.1.0"
  resolved "https://registry.yarnpkg.com/good/-/good-7.1.0.tgz#9e05ad24c58a11b71cf5081700f3778db0b22c1c"
  dependencies:
    hoek "4.x.x"
    joi "10.x.x"
    oppsy "1.x.x"
    pumpify "1.3.x"

handlebars@^4.0.6:
  version "4.0.6"
  resolved "https://registry.yarnpkg.com/handlebars/-/handlebars-4.0.6.tgz#2ce4484850537f9c97a8026d5399b935c4ed4ed7"
  dependencies:
    async "^1.4.0"
    optimist "^0.6.1"
    source-map "^0.4.4"
  optionalDependencies:
    uglify-js "^2.6"

hapi@^16.1.0:
  version "16.1.0"
  resolved "https://registry.yarnpkg.com/hapi/-/hapi-16.1.0.tgz#419dd86347588821eb5a0a5f493bce019802d33b"
  dependencies:
    accept "2.x.x"
    ammo "2.x.x"
    boom "4.x.x"
    call "4.x.x"
    catbox "7.x.x"
    catbox-memory "2.x.x"
    cryptiles "3.x.x"
    heavy "4.x.x"
    hoek "4.x.x"
    iron "4.x.x"
    items "2.x.x"
    joi "10.x.x"
    mimos "3.x.x"
    podium "^1.2.x"
    shot "3.x.x"
    statehood "5.x.x"
    subtext "^4.3.x"
    topo "2.x.x"

heavy@4.x.x:
  version "4.0.3"
  resolved "https://registry.yarnpkg.com/heavy/-/heavy-4.0.3.tgz#976bba118b011b15fe904aa4f292a168bfc6232f"
  dependencies:
    boom "4.x.x"
    hoek "4.x.x"
    joi "10.x.x"

hoek@4.x.x:
  version "4.1.0"
  resolved "https://registry.yarnpkg.com/hoek/-/hoek-4.1.0.tgz#4a4557460f69842ed463aa00628cc26d2683afa7"

inert@^4.1.0:
  version "4.1.0"
  resolved "https://registry.yarnpkg.com/inert/-/inert-4.1.0.tgz#e68df9fb0b87d8ad688e3428daaf35d623b64f5d"
  dependencies:
    ammo "2.x.x"
    boom "4.x.x"
    hoek "4.x.x"
    items "2.x.x"
    joi "10.x.x"
    lru-cache "4.0.x"

inherits@^2.0.1, inherits@~2.0.1:
  version "2.0.3"
  resolved "https://registry.yarnpkg.com/inherits/-/inherits-2.0.3.tgz#633c2c83e3da42a502f52466022480f4208261de"

iron@4.x.x:
  version "4.0.4"
  resolved "https://registry.yarnpkg.com/iron/-/iron-4.0.4.tgz#c1f8cc4c91454194ab8920d9247ba882e528061a"
  dependencies:
    boom "4.x.x"
    cryptiles "3.x.x"
    hoek "4.x.x"

is-buffer@^1.0.2:
  version "1.1.4"
  resolved "https://registry.yarnpkg.com/is-buffer/-/is-buffer-1.1.4.tgz#cfc86ccd5dc5a52fa80489111c6920c457e2d98b"

isarray@~1.0.0:
  version "1.0.0"
  resolved "https://registry.yarnpkg.com/isarray/-/isarray-1.0.0.tgz#bb935d48582cba168c06834957a54a3e07124f11"

isemail@2.x.x:
  version "2.2.1"
  resolved "https://registry.yarnpkg.com/isemail/-/isemail-2.2.1.tgz#0353d3d9a62951080c262c2aa0a42b8ea8e9e2a6"

items@2.x.x, items@^2.1.x:
  version "2.1.1"
  resolved "https://registry.yarnpkg.com/items/-/items-2.1.1.tgz#8bd16d9c83b19529de5aea321acaada78364a198"

joi@10.x.x:
  version "10.2.2"
  resolved "https://registry.yarnpkg.com/joi/-/joi-10.2.2.tgz#dc5a792b7b4c6fffa562242a95b55d9d3f077e24"
  dependencies:
    hoek "4.x.x"
    isemail "2.x.x"
    items "2.x.x"
    topo "2.x.x"

joi@8.1.x:
  version "8.1.1"
  resolved "https://registry.yarnpkg.com/joi/-/joi-8.1.1.tgz#2d8b52a5d909d217ed47248577eefe8b1798f48f"
  dependencies:
    hoek "4.x.x"
    isemail "2.x.x"
    moment "2.x.x"
    topo "2.x.x"

json-stringify-safe@5.0.x:
  version "5.0.1"
  resolved "https://registry.yarnpkg.com/json-stringify-safe/-/json-stringify-safe-5.0.1.tgz#1296a2d58fd45f19a0f6ce01d65701e2c735b6eb"

kind-of@^3.0.2:
  version "3.1.0"
  resolved "https://registry.yarnpkg.com/kind-of/-/kind-of-3.1.0.tgz#475d698a5e49ff5e53d14e3e732429dc8bf4cf47"
  dependencies:
    is-buffer "^1.0.2"

lazy-cache@^1.0.3:
  version "1.0.4"
  resolved "https://registry.yarnpkg.com/lazy-cache/-/lazy-cache-1.0.4.tgz#a1d78fc3a50474cb80845d3b3b6e1da49a446e8e"

longest@^1.0.1:
  version "1.0.1"
  resolved "https://registry.yarnpkg.com/longest/-/longest-1.0.1.tgz#30a0b2da38f73770e8294a0d22e6625ed77d0097"

lru-cache@4.0.x:
  version "4.0.2"
  resolved "https://registry.yarnpkg.com/lru-cache/-/lru-cache-4.0.2.tgz#1d17679c069cda5d040991a09dbc2c0db377e55e"
  dependencies:
    pseudomap "^1.0.1"
    yallist "^2.0.0"

mime-db@1.x.x:
  version "1.26.0"
  resolved "https://registry.yarnpkg.com/mime-db/-/mime-db-1.26.0.tgz#eaffcd0e4fc6935cf8134da246e2e6c35305adff"

mimos@3.x.x:
  version "3.0.3"
  resolved "https://registry.yarnpkg.com/mimos/-/mimos-3.0.3.tgz#b9109072ad378c2b72f6a0101c43ddfb2b36641f"
  dependencies:
    hoek "4.x.x"
    mime-db "1.x.x"

minimist@~0.0.1:
  version "0.0.10"
  resolved "https://registry.yarnpkg.com/minimist/-/minimist-0.0.10.tgz#de3f98543dbf96082be48ad1a0c7cda836301dcf"

moment@2.15.x, moment@2.x.x:
  version "2.15.2"
  resolved "https://registry.yarnpkg.com/moment/-/moment-2.15.2.tgz#1bfdedf6a6e345f322fe956d5df5bd08a8ce84dc"

nes@^6.4.0:
  version "6.4.0"
  resolved "https://registry.yarnpkg.com/nes/-/nes-6.4.0.tgz#35831781df19cbe5a8014169bbd70887bc5c63d0"
  dependencies:
    boom "4.x.x"
    call "3.x.x"
    cryptiles "3.x.x"
    hoek "4.x.x"
    iron "4.x.x"
    items "^2.1.x"
    joi "10.x.x"
    ws "1.x.x"

nigel@2.x.x:
  version "2.0.2"
  resolved "https://registry.yarnpkg.com/nigel/-/nigel-2.0.2.tgz#93a1866fb0c52d87390aa75e2b161f4b5c75e5b1"
  dependencies:
    hoek "4.x.x"
    vise "2.x.x"

once@^1.3.1:
  version "1.4.0"
  resolved "https://registry.yarnpkg.com/once/-/once-1.4.0.tgz#583b1aa775961d4b113ac17d9c50baef9dd76bd1"
  dependencies:
    wrappy "1"

once@~1.3.0:
  version "1.3.3"
  resolved "https://registry.yarnpkg.com/once/-/once-1.3.3.tgz#b2e261557ce4c314ec8304f3fa82663e4297ca20"
  dependencies:
    wrappy "1"

oppsy@1.x.x:
  version "1.0.2"
  resolved "https://registry.yarnpkg.com/oppsy/-/oppsy-1.0.2.tgz#98014cd6967653a83cfffa554226dc90050baad4"
  dependencies:
    hoek "4.x.x"
    items "2.x.x"

optimist@^0.6.1:
  version "0.6.1"
  resolved "https://registry.yarnpkg.com/optimist/-/optimist-0.6.1.tgz#da3ea74686fa21a19a111c326e90eb15a0196686"
  dependencies:
    minimist "~0.0.1"
    wordwrap "~0.0.2"

options@>=0.0.5:
  version "0.0.6"
  resolved "https://registry.yarnpkg.com/options/-/options-0.0.6.tgz#ec22d312806bb53e731773e7cdaefcf1c643128f"

pez@2.x.x:
  version "2.1.4"
  resolved "https://registry.yarnpkg.com/pez/-/pez-2.1.4.tgz#73f822fa62d599d65c4606f490d54d345191bc7c"
  dependencies:
    b64 "3.x.x"
    boom "4.x.x"
    content "3.x.x"
    hoek "4.x.x"
    nigel "2.x.x"

podium@^1.2.x:
  version "1.2.5"
  resolved "https://registry.yarnpkg.com/podium/-/podium-1.2.5.tgz#87c566c2f0365bcf0a1ec7602c4d01948cdd2ad5"
  dependencies:
    hoek "4.x.x"
    items "2.x.x"
    joi "10.x.x"

process-nextick-args@~1.0.6:
  version "1.0.7"
  resolved "https://registry.yarnpkg.com/process-nextick-args/-/process-nextick-args-1.0.7.tgz#150e20b756590ad3f91093f25a4f2ad8bff30ba3"

pseudomap@^1.0.1:
  version "1.0.2"
  resolved "https://registry.yarnpkg.com/pseudomap/-/pseudomap-1.0.2.tgz#f052a28da70e618917ef0a8ac34c1ae5a68286b3"

pump@^1.0.0:
  version "1.0.2"
  resolved "https://registry.yarnpkg.com/pump/-/pump-1.0.2.tgz#3b3ee6512f94f0e575538c17995f9f16990a5d51"
  dependencies:
    end-of-stream "^1.1.0"
    once "^1.3.1"

pumpify@1.3.x:
  version "1.3.5"
  resolved "https://registry.yarnpkg.com/pumpify/-/pumpify-1.3.5.tgz#1b671c619940abcaeac0ad0e3a3c164be760993b"
  dependencies:
    duplexify "^3.1.2"
    inherits "^2.0.1"
    pump "^1.0.0"

readable-stream@^2.0.0:
  version "2.2.2"
  resolved "https://registry.yarnpkg.com/readable-stream/-/readable-stream-2.2.2.tgz#a9e6fec3c7dda85f8bb1b3ba7028604556fc825e"
  dependencies:
    buffer-shims "^1.0.0"
    core-util-is "~1.0.0"
    inherits "~2.0.1"
    isarray "~1.0.0"
    process-nextick-args "~1.0.6"
    string_decoder "~0.10.x"
    util-deprecate "~1.0.1"

repeat-string@^1.5.2:
  version "1.6.1"
  resolved "https://registry.yarnpkg.com/repeat-string/-/repeat-string-1.6.1.tgz#8dcae470e1c88abc2d600fff4a776286da75e637"

right-align@^0.1.1:
  version "0.1.3"
  resolved "https://registry.yarnpkg.com/right-align/-/right-align-0.1.3.tgz#61339b722fe6a3515689210d24e14c96148613ef"
  dependencies:
    align-text "^0.1.1"

shot@3.x.x:
  version "3.4.0"
  resolved "https://registry.yarnpkg.com/shot/-/shot-3.4.0.tgz#e7125ee72575ae5218349e933636808d790d4b92"
  dependencies:
    hoek "4.x.x"
    joi "10.x.x"

source-map@^0.4.4:
  version "0.4.4"
  resolved "https://registry.yarnpkg.com/source-map/-/source-map-0.4.4.tgz#eba4f5da9c0dc999de68032d8b4f76173652036b"
  dependencies:
    amdefine ">=0.0.4"

source-map@~0.5.1:
  version "0.5.6"
  resolved "https://registry.yarnpkg.com/source-map/-/source-map-0.5.6.tgz#75ce38f52bf0733c5a7f0c118d81334a2bb5f412"

statehood@5.x.x:
  version "5.0.1"
  resolved "https://registry.yarnpkg.com/statehood/-/statehood-5.0.1.tgz#fc13c97b37751c18e70513d2b97e896ac8b73005"
  dependencies:
    boom "4.x.x"
    cryptiles "3.x.x"
    hoek "4.x.x"
    iron "4.x.x"
    items "2.x.x"
    joi "10.x.x"

stream-shift@^1.0.0:
  version "1.0.0"
  resolved "https://registry.yarnpkg.com/stream-shift/-/stream-shift-1.0.0.tgz#d5c752825e5367e786f78e18e445ea223a155952"

string_decoder@~0.10.x:
  version "0.10.31"
  resolved "https://registry.yarnpkg.com/string_decoder/-/string_decoder-0.10.31.tgz#62e203bc41766c6c28c9fc84301dab1c5310fa94"

subtext@^4.3.x:
  version "4.3.0"
  resolved "https://registry.yarnpkg.com/subtext/-/subtext-4.3.0.tgz#dfac90492ec35669fd6e00c6e5d938b06d7ccfbb"
  dependencies:
    boom "4.x.x"
    content "3.x.x"
    hoek "4.x.x"
    pez "2.x.x"
    wreck "10.x.x"

topo@2.x.x:
  version "2.0.2"
  resolved "https://registry.yarnpkg.com/topo/-/topo-2.0.2.tgz#cd5615752539057c0dc0491a621c3bc6fbe1d182"
  dependencies:
    hoek "4.x.x"

uglify-js@^2.6:
  version "2.7.5"
  resolved "https://registry.yarnpkg.com/uglify-js/-/uglify-js-2.7.5.tgz#4612c0c7baaee2ba7c487de4904ae122079f2ca8"
  dependencies:
    async "~0.2.6"
    source-map "~0.5.1"
    uglify-to-browserify "~1.0.0"
    yargs "~3.10.0"

uglify-to-browserify@~1.0.0:
  version "1.0.2"
  resolved "https://registry.yarnpkg.com/uglify-to-browserify/-/uglify-to-browserify-1.0.2.tgz#6e0924d6bda6b5afe349e39a6d632850a0f882b7"

ultron@1.0.x:
  version "1.0.2"
  resolved "https://registry.yarnpkg.com/ultron/-/ultron-1.0.2.tgz#ace116ab557cd197386a4e88f4685378c8b2e4fa"

util-deprecate@~1.0.1:
  version "1.0.2"
  resolved "https://registry.yarnpkg.com/util-deprecate/-/util-deprecate-1.0.2.tgz#450d4dc9fa70de732762fbd2d4a28981419a0ccf"

vise@2.x.x:
  version "2.0.2"
  resolved "https://registry.yarnpkg.com/vise/-/vise-2.0.2.tgz#6b08e8fb4cb76e3a50cd6dd0ec37338e811a0d39"
  dependencies:
    hoek "4.x.x"

vision@^4.1.1:
  version "4.1.1"
  resolved "https://registry.yarnpkg.com/vision/-/vision-4.1.1.tgz#e1b612b2d2e2f20310a039290fd49d51248f82da"
  dependencies:
    boom "4.x.x"
    hoek "4.x.x"
    items "2.x.x"
    joi "10.x.x"

window-size@0.1.0:
  version "0.1.0"
  resolved "https://registry.yarnpkg.com/window-size/-/window-size-0.1.0.tgz#5438cd2ea93b202efa3a19fe8887aee7c94f9c9d"

wordwrap@0.0.2:
  version "0.0.2"
  resolved "https://registry.yarnpkg.com/wordwrap/-/wordwrap-0.0.2.tgz#b79669bb42ecb409f83d583cad52ca17eaa1643f"

wordwrap@~0.0.2:
  version "0.0.3"
  resolved "https://registry.yarnpkg.com/wordwrap/-/wordwrap-0.0.3.tgz#a3d5da6cd5c0bc0008d37234bbaf1bed63059107"

wrappy@1:
  version "1.0.2"
  resolved "https://registry.yarnpkg.com/wrappy/-/wrappy-1.0.2.tgz#b5243d8f3ec1aa35f1364605bc0d1036e30ab69f"

wreck@10.x.x:
  version "10.0.0"
  resolved "https://registry.yarnpkg.com/wreck/-/wreck-10.0.0.tgz#98ab882f85e16a526332507f101f5a7841162278"
  dependencies:
    boom "4.x.x"
    hoek "4.x.x"

ws@1.x.x:
  version "1.1.2"
  resolved "https://registry.yarnpkg.com/ws/-/ws-1.1.2.tgz#8a244fa052401e08c9886cf44a85189e1fd4067f"
  dependencies:
    options ">=0.0.5"
    ultron "1.0.x"

yallist@^2.0.0:
  version "2.0.0"
  resolved "https://registry.yarnpkg.com/yallist/-/yallist-2.0.0.tgz#306c543835f09ee1a4cb23b7bce9ab341c91cdd4"

yargs@~3.10.0:
  version "3.10.0"
  resolved "https://registry.yarnpkg.com/yargs/-/yargs-3.10.0.tgz#f7ee7bd857dd7c1d2d38c0e74efbd681d1431fd1"
  dependencies:
    camelcase "^1.0.2"
    cliui "^2.1.0"
    decamelize "^1.0.0"
    window-size "0.1.0"
